// !$*UTF8*$!
{
	archiveVersion = 1;
	classes = {
	};
	objectVersion = 55;
	objects = {

/* Begin PBXBuildFile section */
		6B4CEC802907A19A0055C880 /* SimpleSegue.swift in Sources */ = {isa = PBXBuildFile; fileRef = 6B4CEC7F2907A19A0055C880 /* SimpleSegue.swift */; };
		6B5785322908FA0500F1713D /* WelcomeBackground3.jpg in Resources */ = {isa = PBXBuildFile; fileRef = 6B5785312908FA0500F1713D /* WelcomeBackground3.jpg */; };
		6B5785342909B51500F1713D /* CustomTabBarController.swift in Sources */ = {isa = PBXBuildFile; fileRef = 6B5785332909B51500F1713D /* CustomTabBarController.swift */; };
		6B62DB4C2906043300839DE2 /* FirebaseAnalytics in Frameworks */ = {isa = PBXBuildFile; productRef = 6B62DB4B2906043300839DE2 /* FirebaseAnalytics */; };
		6B62DB4E2906043300839DE2 /* FirebaseAnalyticsSwift in Frameworks */ = {isa = PBXBuildFile; productRef = 6B62DB4D2906043300839DE2 /* FirebaseAnalyticsSwift */; };
		6B62DB502906043300839DE2 /* FirebaseAppCheck in Frameworks */ = {isa = PBXBuildFile; productRef = 6B62DB4F2906043300839DE2 /* FirebaseAppCheck */; };
		6B62DB522906043300839DE2 /* FirebaseAuth in Frameworks */ = {isa = PBXBuildFile; productRef = 6B62DB512906043300839DE2 /* FirebaseAuth */; };
		6B62DB542906043300839DE2 /* FirebaseDatabase in Frameworks */ = {isa = PBXBuildFile; productRef = 6B62DB532906043300839DE2 /* FirebaseDatabase */; };
		6B62DB562906043300839DE2 /* FirebaseDatabaseSwift in Frameworks */ = {isa = PBXBuildFile; productRef = 6B62DB552906043300839DE2 /* FirebaseDatabaseSwift */; };
		6B62DB582906043300839DE2 /* FirebaseDynamicLinks in Frameworks */ = {isa = PBXBuildFile; productRef = 6B62DB572906043300839DE2 /* FirebaseDynamicLinks */; };
		6B62DB5A2906043300839DE2 /* FirebaseFirestore in Frameworks */ = {isa = PBXBuildFile; productRef = 6B62DB592906043300839DE2 /* FirebaseFirestore */; };
		6B62DB5C2906043300839DE2 /* FirebaseFirestoreCombine-Community in Frameworks */ = {isa = PBXBuildFile; productRef = 6B62DB5B2906043300839DE2 /* FirebaseFirestoreCombine-Community */; };
		6B62DB5E2906043300839DE2 /* FirebaseFirestoreSwift in Frameworks */ = {isa = PBXBuildFile; productRef = 6B62DB5D2906043300839DE2 /* FirebaseFirestoreSwift */; };
		6B62DB602906043300839DE2 /* FirebaseFunctions in Frameworks */ = {isa = PBXBuildFile; productRef = 6B62DB5F2906043300839DE2 /* FirebaseFunctions */; };
		6B62DB622906043300839DE2 /* FirebaseMessaging in Frameworks */ = {isa = PBXBuildFile; productRef = 6B62DB612906043300839DE2 /* FirebaseMessaging */; };
		6B62DB642906043300839DE2 /* FirebaseRemoteConfig in Frameworks */ = {isa = PBXBuildFile; productRef = 6B62DB632906043300839DE2 /* FirebaseRemoteConfig */; };
		6B62DB662906043300839DE2 /* FirebaseRemoteConfigSwift in Frameworks */ = {isa = PBXBuildFile; productRef = 6B62DB652906043300839DE2 /* FirebaseRemoteConfigSwift */; };
		6B62DB682906043300839DE2 /* FirebaseStorage in Frameworks */ = {isa = PBXBuildFile; productRef = 6B62DB672906043300839DE2 /* FirebaseStorage */; };
		6B62DB6A2906043300839DE2 /* FirebaseStorageCombine-Community in Frameworks */ = {isa = PBXBuildFile; productRef = 6B62DB692906043300839DE2 /* FirebaseStorageCombine-Community */; };
		6B62DB6C290640AC00839DE2 /* User.swift in Sources */ = {isa = PBXBuildFile; fileRef = 6B62DB6B290640AC00839DE2 /* User.swift */; };
		6B62DB6E2907894A00839DE2 /* Image.swift in Sources */ = {isa = PBXBuildFile; fileRef = 6B62DB6D2907894A00839DE2 /* Image.swift */; };
		6B62DB712907902E00839DE2 /* WelcomeViewController.swift in Sources */ = {isa = PBXBuildFile; fileRef = 6B62DB702907902E00839DE2 /* WelcomeViewController.swift */; };
		6B62DB732907903F00839DE2 /* LoginViewController.swift in Sources */ = {isa = PBXBuildFile; fileRef = 6B62DB722907903F00839DE2 /* LoginViewController.swift */; };
		6B62DB752907904E00839DE2 /* RegisterViewController.swift in Sources */ = {isa = PBXBuildFile; fileRef = 6B62DB742907904E00839DE2 /* RegisterViewController.swift */; };
		6B62DB7929079F8700839DE2 /* WelcomeBackground.png in Resources */ = {isa = PBXBuildFile; fileRef = 6B62DB7829079F8700839DE2 /* WelcomeBackground.png */; };
		6B76DF372908A2C60033AED6 /* ProfileViewController.swift in Sources */ = {isa = PBXBuildFile; fileRef = 6B76DF362908A2C60033AED6 /* ProfileViewController.swift */; };
		6B7B1A912902FADA00F36C6F /* AppDelegate.swift in Sources */ = {isa = PBXBuildFile; fileRef = 6B7B1A902902FADA00F36C6F /* AppDelegate.swift */; };
		6B7B1A932902FADA00F36C6F /* SceneDelegate.swift in Sources */ = {isa = PBXBuildFile; fileRef = 6B7B1A922902FADA00F36C6F /* SceneDelegate.swift */; };
		6B7B1A952902FADA00F36C6F /* ViewController.swift in Sources */ = {isa = PBXBuildFile; fileRef = 6B7B1A942902FADA00F36C6F /* ViewController.swift */; };
		6B7B1A982902FADA00F36C6F /* Main.storyboard in Resources */ = {isa = PBXBuildFile; fileRef = 6B7B1A962902FADA00F36C6F /* Main.storyboard */; };
		6B7B1A9A2902FADC00F36C6F /* Assets.xcassets in Resources */ = {isa = PBXBuildFile; fileRef = 6B7B1A992902FADC00F36C6F /* Assets.xcassets */; };
		6B7B1A9D2902FADC00F36C6F /* LaunchScreen.storyboard in Resources */ = {isa = PBXBuildFile; fileRef = 6B7B1A9B2902FADC00F36C6F /* LaunchScreen.storyboard */; };
		6B7B1AAD2902FF8A00F36C6F /* Data.swift in Sources */ = {isa = PBXBuildFile; fileRef = 6B7B1AAC2902FF8A00F36C6F /* Data.swift */; };
		6B7B1AAF2902FFC800F36C6F /* T2Img-nightmare-ai.swift in Sources */ = {isa = PBXBuildFile; fileRef = 6B7B1AAE2902FFC800F36C6F /* T2Img-nightmare-ai.swift */; };
		6B7B1AB12902FFDC00F36C6F /* T2Img-Pokemon.swift in Sources */ = {isa = PBXBuildFile; fileRef = 6B7B1AB02902FFDC00F36C6F /* T2Img-Pokemon.swift */; };
		6B7B1AB32903004900F36C6F /* T2Text-prompt-parrot.swift in Sources */ = {isa = PBXBuildFile; fileRef = 6B7B1AB22903004900F36C6F /* T2Text-prompt-parrot.swift */; };
		6B7B1AB5290300A800F36C6F /* T2Img-Pixray.swift in Sources */ = {isa = PBXBuildFile; fileRef = 6B7B1AB4290300A800F36C6F /* T2Img-Pixray.swift */; };
		6B7B1AB72903013900F36C6F /* Img2Img-tencentarc.swift in Sources */ = {isa = PBXBuildFile; fileRef = 6B7B1AB62903013900F36C6F /* Img2Img-tencentarc.swift */; };
		6B7B1AB9290301B300F36C6F /* Img2Img-swinir.swift in Sources */ = {isa = PBXBuildFile; fileRef = 6B7B1AB8290301B300F36C6F /* Img2Img-swinir.swift */; };
		6B7B1ABB2903223000F36C6F /* PokemonData.swift in Sources */ = {isa = PBXBuildFile; fileRef = 6B7B1ABA2903223000F36C6F /* PokemonData.swift */; };
		6B7B1ABD290341F300F36C6F /* Function.swift in Sources */ = {isa = PBXBuildFile; fileRef = 6B7B1ABC290341F300F36C6F /* Function.swift */; };
		6B7B1AC0290347C500F36C6F /* no-image.png in Resources */ = {isa = PBXBuildFile; fileRef = 6B7B1ABF290347C500F36C6F /* no-image.png */; };
		6B7B1AC22903518900F36C6F /* NightmareData.swift in Sources */ = {isa = PBXBuildFile; fileRef = 6B7B1AC12903518900F36C6F /* NightmareData.swift */; };
		6B8425352908BC75000AC834 /* DrawViewController.swift in Sources */ = {isa = PBXBuildFile; fileRef = 6B8425342908BC75000AC834 /* DrawViewController.swift */; };
		6B8425372908BC89000AC834 /* RestoreViewController.swift in Sources */ = {isa = PBXBuildFile; fileRef = 6B8425362908BC89000AC834 /* RestoreViewController.swift */; };
		6B8425392908BCDE000AC834 /* GalleryViewController.swift in Sources */ = {isa = PBXBuildFile; fileRef = 6B8425382908BCDE000AC834 /* GalleryViewController.swift */; };
		6B84253B2908C1DF000AC834 /* WelcomeBackground2.png in Resources */ = {isa = PBXBuildFile; fileRef = 6B84253A2908C1DF000AC834 /* WelcomeBackground2.png */; };
		6BDE5EC42903630500DC5200 /* PixrayData.swift in Sources */ = {isa = PBXBuildFile; fileRef = 6BDE5EC32903630500DC5200 /* PixrayData.swift */; };
		6BDE5EC72904F5F500DC5200 /* Firebase.swift in Sources */ = {isa = PBXBuildFile; fileRef = 6BDE5EC62904F5F500DC5200 /* Firebase.swift */; };
		6BDE5EC92904F70500DC5200 /* GoogleService-Info.plist in Resources */ = {isa = PBXBuildFile; fileRef = 6BDE5EC82904F70500DC5200 /* GoogleService-Info.plist */; };
/* End PBXBuildFile section */

/* Begin PBXFileReference section */
		6B4CEC7F2907A19A0055C880 /* SimpleSegue.swift */ = {isa = PBXFileReference; lastKnownFileType = sourcecode.swift; path = SimpleSegue.swift; sourceTree = "<group>"; };
		6B5785312908FA0500F1713D /* WelcomeBackground3.jpg */ = {isa = PBXFileReference; lastKnownFileType = image.jpeg; path = WelcomeBackground3.jpg; sourceTree = "<group>"; };
		6B5785332909B51500F1713D /* CustomTabBarController.swift */ = {isa = PBXFileReference; lastKnownFileType = sourcecode.swift; path = CustomTabBarController.swift; sourceTree = "<group>"; };
		6B62DB6B290640AC00839DE2 /* User.swift */ = {isa = PBXFileReference; lastKnownFileType = sourcecode.swift; path = User.swift; sourceTree = "<group>"; };
		6B62DB6D2907894A00839DE2 /* Image.swift */ = {isa = PBXFileReference; lastKnownFileType = sourcecode.swift; path = Image.swift; sourceTree = "<group>"; };
		6B62DB702907902E00839DE2 /* WelcomeViewController.swift */ = {isa = PBXFileReference; lastKnownFileType = sourcecode.swift; path = WelcomeViewController.swift; sourceTree = "<group>"; };
		6B62DB722907903F00839DE2 /* LoginViewController.swift */ = {isa = PBXFileReference; lastKnownFileType = sourcecode.swift; path = LoginViewController.swift; sourceTree = "<group>"; };
		6B62DB742907904E00839DE2 /* RegisterViewController.swift */ = {isa = PBXFileReference; lastKnownFileType = sourcecode.swift; path = RegisterViewController.swift; sourceTree = "<group>"; };
		6B62DB7829079F8700839DE2 /* WelcomeBackground.png */ = {isa = PBXFileReference; lastKnownFileType = image.png; path = WelcomeBackground.png; sourceTree = "<group>"; };
		6B76DF362908A2C60033AED6 /* ProfileViewController.swift */ = {isa = PBXFileReference; lastKnownFileType = sourcecode.swift; path = ProfileViewController.swift; sourceTree = "<group>"; };
		6B7B1A8D2902FADA00F36C6F /* Alpha Draw.app */ = {isa = PBXFileReference; explicitFileType = wrapper.application; includeInIndex = 0; path = "Alpha Draw.app"; sourceTree = BUILT_PRODUCTS_DIR; };
		6B7B1A902902FADA00F36C6F /* AppDelegate.swift */ = {isa = PBXFileReference; lastKnownFileType = sourcecode.swift; path = AppDelegate.swift; sourceTree = "<group>"; };
		6B7B1A922902FADA00F36C6F /* SceneDelegate.swift */ = {isa = PBXFileReference; lastKnownFileType = sourcecode.swift; path = SceneDelegate.swift; sourceTree = "<group>"; };
		6B7B1A942902FADA00F36C6F /* ViewController.swift */ = {isa = PBXFileReference; lastKnownFileType = sourcecode.swift; path = ViewController.swift; sourceTree = "<group>"; };
		6B7B1A972902FADA00F36C6F /* Base */ = {isa = PBXFileReference; lastKnownFileType = file.storyboard; name = Base; path = Base.lproj/Main.storyboard; sourceTree = "<group>"; };
		6B7B1A992902FADC00F36C6F /* Assets.xcassets */ = {isa = PBXFileReference; lastKnownFileType = folder.assetcatalog; path = Assets.xcassets; sourceTree = "<group>"; };
		6B7B1A9C2902FADC00F36C6F /* Base */ = {isa = PBXFileReference; lastKnownFileType = file.storyboard; name = Base; path = Base.lproj/LaunchScreen.storyboard; sourceTree = "<group>"; };
		6B7B1A9E2902FADC00F36C6F /* Info.plist */ = {isa = PBXFileReference; lastKnownFileType = text.plist.xml; path = Info.plist; sourceTree = "<group>"; };
		6B7B1AAC2902FF8A00F36C6F /* Data.swift */ = {isa = PBXFileReference; lastKnownFileType = sourcecode.swift; path = Data.swift; sourceTree = "<group>"; };
		6B7B1AAE2902FFC800F36C6F /* T2Img-nightmare-ai.swift */ = {isa = PBXFileReference; lastKnownFileType = sourcecode.swift; path = "T2Img-nightmare-ai.swift"; sourceTree = "<group>"; };
		6B7B1AB02902FFDC00F36C6F /* T2Img-Pokemon.swift */ = {isa = PBXFileReference; lastKnownFileType = sourcecode.swift; path = "T2Img-Pokemon.swift"; sourceTree = "<group>"; };
		6B7B1AB22903004900F36C6F /* T2Text-prompt-parrot.swift */ = {isa = PBXFileReference; lastKnownFileType = sourcecode.swift; path = "T2Text-prompt-parrot.swift"; sourceTree = "<group>"; };
		6B7B1AB4290300A800F36C6F /* T2Img-Pixray.swift */ = {isa = PBXFileReference; lastKnownFileType = sourcecode.swift; path = "T2Img-Pixray.swift"; sourceTree = "<group>"; };
		6B7B1AB62903013900F36C6F /* Img2Img-tencentarc.swift */ = {isa = PBXFileReference; lastKnownFileType = sourcecode.swift; path = "Img2Img-tencentarc.swift"; sourceTree = "<group>"; };
		6B7B1AB8290301B300F36C6F /* Img2Img-swinir.swift */ = {isa = PBXFileReference; lastKnownFileType = sourcecode.swift; path = "Img2Img-swinir.swift"; sourceTree = "<group>"; };
		6B7B1ABA2903223000F36C6F /* PokemonData.swift */ = {isa = PBXFileReference; lastKnownFileType = sourcecode.swift; path = PokemonData.swift; sourceTree = "<group>"; };
		6B7B1ABC290341F300F36C6F /* Function.swift */ = {isa = PBXFileReference; lastKnownFileType = sourcecode.swift; path = Function.swift; sourceTree = "<group>"; };
		6B7B1ABF290347C500F36C6F /* no-image.png */ = {isa = PBXFileReference; lastKnownFileType = image.png; path = "no-image.png"; sourceTree = "<group>"; };
		6B7B1AC12903518900F36C6F /* NightmareData.swift */ = {isa = PBXFileReference; lastKnownFileType = sourcecode.swift; path = NightmareData.swift; sourceTree = "<group>"; };
		6B8425342908BC75000AC834 /* DrawViewController.swift */ = {isa = PBXFileReference; lastKnownFileType = sourcecode.swift; path = DrawViewController.swift; sourceTree = "<group>"; };
		6B8425362908BC89000AC834 /* RestoreViewController.swift */ = {isa = PBXFileReference; lastKnownFileType = sourcecode.swift; path = RestoreViewController.swift; sourceTree = "<group>"; };
		6B8425382908BCDE000AC834 /* GalleryViewController.swift */ = {isa = PBXFileReference; lastKnownFileType = sourcecode.swift; path = GalleryViewController.swift; sourceTree = "<group>"; };
		6B84253A2908C1DF000AC834 /* WelcomeBackground2.png */ = {isa = PBXFileReference; lastKnownFileType = image.png; path = WelcomeBackground2.png; sourceTree = "<group>"; };
		6BDE5EC32903630500DC5200 /* PixrayData.swift */ = {isa = PBXFileReference; lastKnownFileType = sourcecode.swift; path = PixrayData.swift; sourceTree = "<group>"; };
		6BDE5EC62904F5F500DC5200 /* Firebase.swift */ = {isa = PBXFileReference; lastKnownFileType = sourcecode.swift; path = Firebase.swift; sourceTree = "<group>"; };
		6BDE5EC82904F70500DC5200 /* GoogleService-Info.plist */ = {isa = PBXFileReference; fileEncoding = 4; lastKnownFileType = text.plist.xml; path = "GoogleService-Info.plist"; sourceTree = "<group>"; };
/* End PBXFileReference section */

/* Begin PBXFrameworksBuildPhase section */
		6B7B1A8A2902FADA00F36C6F /* Frameworks */ = {
			isa = PBXFrameworksBuildPhase;
			buildActionMask = 2147483647;
			files = (
				6B62DB622906043300839DE2 /* FirebaseMessaging in Frameworks */,
				6B62DB562906043300839DE2 /* FirebaseDatabaseSwift in Frameworks */,
				6B62DB542906043300839DE2 /* FirebaseDatabase in Frameworks */,
				6B62DB662906043300839DE2 /* FirebaseRemoteConfigSwift in Frameworks */,
				6B62DB4E2906043300839DE2 /* FirebaseAnalyticsSwift in Frameworks */,
				6B62DB5C2906043300839DE2 /* FirebaseFirestoreCombine-Community in Frameworks */,
				6B62DB502906043300839DE2 /* FirebaseAppCheck in Frameworks */,
				6B62DB5E2906043300839DE2 /* FirebaseFirestoreSwift in Frameworks */,
				6B62DB682906043300839DE2 /* FirebaseStorage in Frameworks */,
				6B62DB4C2906043300839DE2 /* FirebaseAnalytics in Frameworks */,
				6B62DB6A2906043300839DE2 /* FirebaseStorageCombine-Community in Frameworks */,
				6B62DB5A2906043300839DE2 /* FirebaseFirestore in Frameworks */,
				6B62DB582906043300839DE2 /* FirebaseDynamicLinks in Frameworks */,
				6B62DB642906043300839DE2 /* FirebaseRemoteConfig in Frameworks */,
				6B62DB602906043300839DE2 /* FirebaseFunctions in Frameworks */,
				6B62DB522906043300839DE2 /* FirebaseAuth in Frameworks */,
			);
			runOnlyForDeploymentPostprocessing = 0;
		};
/* End PBXFrameworksBuildPhase section */

/* Begin PBXGroup section */
		6B62DB6F2907900400839DE2 /* Auth */ = {
			isa = PBXGroup;
			children = (
				6B62DB702907902E00839DE2 /* WelcomeViewController.swift */,
				6B62DB722907903F00839DE2 /* LoginViewController.swift */,
				6B62DB742907904E00839DE2 /* RegisterViewController.swift */,
			);
			path = Auth;
			sourceTree = "<group>";
		};
		6B62DB7A2907A0AE00839DE2 /* Segues */ = {
			isa = PBXGroup;
			children = (
				6B4CEC7F2907A19A0055C880 /* SimpleSegue.swift */,
			);
			path = Segues;
			sourceTree = "<group>";
		};
		6B7B1A842902FADA00F36C6F = {
			isa = PBXGroup;
			children = (
				6B7B1A8F2902FADA00F36C6F /* Alpha Draw */,
				6B7B1A8E2902FADA00F36C6F /* Products */,
			);
			sourceTree = "<group>";
		};
		6B7B1A8E2902FADA00F36C6F /* Products */ = {
			isa = PBXGroup;
			children = (
				6B7B1A8D2902FADA00F36C6F /* Alpha Draw.app */,
			);
			name = Products;
			sourceTree = "<group>";
		};
		6B7B1A8F2902FADA00F36C6F /* Alpha Draw */ = {
			isa = PBXGroup;
			children = (
				6B62DB7A2907A0AE00839DE2 /* Segues */,
				6BDE5EC52904F5E800DC5200 /* DataBase */,
				6B7B1ABE290347AD00F36C6F /* Image */,
				6B7B1AA72902FDB500F36C6F /* Model */,
				6B7B1AAB2902FE7100F36C6F /* View */,
				6B7B1AA52902FD9700F36C6F /* Controller */,
				6B7B1AA82902FDC700F36C6F /* APIs */,
				6B7B1AA42902FD8800F36C6F /* Delegate */,
				6B7B1AA92902FDDF00F36C6F /* UIDesign */,
				6B7B1A992902FADC00F36C6F /* Assets.xcassets */,
				6B7B1A9E2902FADC00F36C6F /* Info.plist */,
				6BDE5EC82904F70500DC5200 /* GoogleService-Info.plist */,
			);
			path = "Alpha Draw";
			sourceTree = "<group>";
		};
		6B7B1AA42902FD8800F36C6F /* Delegate */ = {
			isa = PBXGroup;
			children = (
				6B7B1A902902FADA00F36C6F /* AppDelegate.swift */,
				6B7B1A922902FADA00F36C6F /* SceneDelegate.swift */,
			);
			path = Delegate;
			sourceTree = "<group>";
		};
		6B7B1AA52902FD9700F36C6F /* Controller */ = {
			isa = PBXGroup;
			children = (
				6B7B1ABC290341F300F36C6F /* Function.swift */,
				6B5785332909B51500F1713D /* CustomTabBarController.swift */,
				6B8425332908BC42000AC834 /* App */,
				6B62DB6F2907900400839DE2 /* Auth */,
			);
			path = Controller;
			sourceTree = "<group>";
		};
		6B7B1AA72902FDB500F36C6F /* Model */ = {
			isa = PBXGroup;
			children = (
				6B62DB6B290640AC00839DE2 /* User.swift */,
				6B62DB6D2907894A00839DE2 /* Image.swift */,
				6B7B1AAC2902FF8A00F36C6F /* Data.swift */,
				6B7B1ABA2903223000F36C6F /* PokemonData.swift */,
				6B7B1AC12903518900F36C6F /* NightmareData.swift */,
				6BDE5EC32903630500DC5200 /* PixrayData.swift */,
			);
			path = Model;
			sourceTree = "<group>";
		};
		6B7B1AA82902FDC700F36C6F /* APIs */ = {
			isa = PBXGroup;
			children = (
				6B7B1AAE2902FFC800F36C6F /* T2Img-nightmare-ai.swift */,
				6B7B1AB02902FFDC00F36C6F /* T2Img-Pokemon.swift */,
				6B7B1AB4290300A800F36C6F /* T2Img-Pixray.swift */,
				6B7B1AB22903004900F36C6F /* T2Text-prompt-parrot.swift */,
				6B7B1AB62903013900F36C6F /* Img2Img-tencentarc.swift */,
				6B7B1AB8290301B300F36C6F /* Img2Img-swinir.swift */,
			);
			path = APIs;
			sourceTree = "<group>";
		};
		6B7B1AA92902FDDF00F36C6F /* UIDesign */ = {
			isa = PBXGroup;
			children = (
			);
			path = UIDesign;
			sourceTree = "<group>";
		};
		6B7B1AAB2902FE7100F36C6F /* View */ = {
			isa = PBXGroup;
			children = (
				6B7B1A962902FADA00F36C6F /* Main.storyboard */,
				6B7B1A9B2902FADC00F36C6F /* LaunchScreen.storyboard */,
			);
			name = View;
			sourceTree = "<group>";
		};
		6B7B1ABE290347AD00F36C6F /* Image */ = {
			isa = PBXGroup;
			children = (
				6B5785312908FA0500F1713D /* WelcomeBackground3.jpg */,
				6B84253A2908C1DF000AC834 /* WelcomeBackground2.png */,
				6B62DB7829079F8700839DE2 /* WelcomeBackground.png */,
				6B7B1ABF290347C500F36C6F /* no-image.png */,
			);
			path = Image;
			sourceTree = "<group>";
		};
		6B8425332908BC42000AC834 /* App */ = {
			isa = PBXGroup;
			children = (
				6B7B1A942902FADA00F36C6F /* ViewController.swift */,
				6B76DF362908A2C60033AED6 /* ProfileViewController.swift */,
				6B8425342908BC75000AC834 /* DrawViewController.swift */,
				6B8425362908BC89000AC834 /* RestoreViewController.swift */,
				6B8425382908BCDE000AC834 /* GalleryViewController.swift */,
			);
			name = App;
			sourceTree = "<group>";
		};
		6BDE5EC52904F5E800DC5200 /* DataBase */ = {
			isa = PBXGroup;
			children = (
				6BDE5EC62904F5F500DC5200 /* Firebase.swift */,
			);
			path = DataBase;
			sourceTree = "<group>";
		};
/* End PBXGroup section */

/* Begin PBXNativeTarget section */
		6B7B1A8C2902FADA00F36C6F /* Alpha Draw */ = {
			isa = PBXNativeTarget;
			buildConfigurationList = 6B7B1AA12902FADC00F36C6F /* Build configuration list for PBXNativeTarget "Alpha Draw" */;
			buildPhases = (
				6B7B1A892902FADA00F36C6F /* Sources */,
				6B7B1A8A2902FADA00F36C6F /* Frameworks */,
				6B7B1A8B2902FADA00F36C6F /* Resources */,
			);
			buildRules = (
			);
			dependencies = (
			);
			name = "Alpha Draw";
			packageProductDependencies = (
				6B62DB4B2906043300839DE2 /* FirebaseAnalytics */,
				6B62DB4D2906043300839DE2 /* FirebaseAnalyticsSwift */,
				6B62DB4F2906043300839DE2 /* FirebaseAppCheck */,
				6B62DB512906043300839DE2 /* FirebaseAuth */,
				6B62DB532906043300839DE2 /* FirebaseDatabase */,
				6B62DB552906043300839DE2 /* FirebaseDatabaseSwift */,
				6B62DB572906043300839DE2 /* FirebaseDynamicLinks */,
				6B62DB592906043300839DE2 /* FirebaseFirestore */,
				6B62DB5B2906043300839DE2 /* FirebaseFirestoreCombine-Community */,
				6B62DB5D2906043300839DE2 /* FirebaseFirestoreSwift */,
				6B62DB5F2906043300839DE2 /* FirebaseFunctions */,
				6B62DB612906043300839DE2 /* FirebaseMessaging */,
				6B62DB632906043300839DE2 /* FirebaseRemoteConfig */,
				6B62DB652906043300839DE2 /* FirebaseRemoteConfigSwift */,
				6B62DB672906043300839DE2 /* FirebaseStorage */,
				6B62DB692906043300839DE2 /* FirebaseStorageCombine-Community */,
			);
			productName = "Alpha Draw";
			productReference = 6B7B1A8D2902FADA00F36C6F /* Alpha Draw.app */;
			productType = "com.apple.product-type.application";
		};
/* End PBXNativeTarget section */

/* Begin PBXProject section */
		6B7B1A852902FADA00F36C6F /* Project object */ = {
			isa = PBXProject;
			attributes = {
				BuildIndependentTargetsInParallel = 1;
				LastSwiftUpdateCheck = 1340;
				LastUpgradeCheck = 1340;
				TargetAttributes = {
					6B7B1A8C2902FADA00F36C6F = {
						CreatedOnToolsVersion = 13.4.1;
					};
				};
			};
			buildConfigurationList = 6B7B1A882902FADA00F36C6F /* Build configuration list for PBXProject "Alpha Draw" */;
			compatibilityVersion = "Xcode 13.0";
			developmentRegion = en;
			hasScannedForEncodings = 0;
			knownRegions = (
				en,
				Base,
			);
			mainGroup = 6B7B1A842902FADA00F36C6F;
			packageReferences = (
				6B62DB4A2906043300839DE2 /* XCRemoteSwiftPackageReference "firebase-ios-sdk" */,
			);
			productRefGroup = 6B7B1A8E2902FADA00F36C6F /* Products */;
			projectDirPath = "";
			projectRoot = "";
			targets = (
				6B7B1A8C2902FADA00F36C6F /* Alpha Draw */,
			);
		};
/* End PBXProject section */

/* Begin PBXResourcesBuildPhase section */
		6B7B1A8B2902FADA00F36C6F /* Resources */ = {
			isa = PBXResourcesBuildPhase;
			buildActionMask = 2147483647;
			files = (
				6B62DB7929079F8700839DE2 /* WelcomeBackground.png in Resources */,
				6B7B1A9D2902FADC00F36C6F /* LaunchScreen.storyboard in Resources */,
				6B84253B2908C1DF000AC834 /* WelcomeBackground2.png in Resources */,
				6B7B1A9A2902FADC00F36C6F /* Assets.xcassets in Resources */,
				6B5785322908FA0500F1713D /* WelcomeBackground3.jpg in Resources */,
				6BDE5EC92904F70500DC5200 /* GoogleService-Info.plist in Resources */,
				6B7B1AC0290347C500F36C6F /* no-image.png in Resources */,
				6B7B1A982902FADA00F36C6F /* Main.storyboard in Resources */,
			);
			runOnlyForDeploymentPostprocessing = 0;
		};
/* End PBXResourcesBuildPhase section */

/* Begin PBXSourcesBuildPhase section */
		6B7B1A892902FADA00F36C6F /* Sources */ = {
			isa = PBXSourcesBuildPhase;
			buildActionMask = 2147483647;
			files = (
				6BDE5EC72904F5F500DC5200 /* Firebase.swift in Sources */,
				6B8425372908BC89000AC834 /* RestoreViewController.swift in Sources */,
				6B7B1AB72903013900F36C6F /* Img2Img-tencentarc.swift in Sources */,
				6B7B1AB32903004900F36C6F /* T2Text-prompt-parrot.swift in Sources */,
				6B8425352908BC75000AC834 /* DrawViewController.swift in Sources */,
				6BDE5EC42903630500DC5200 /* PixrayData.swift in Sources */,
				6B62DB732907903F00839DE2 /* LoginViewController.swift in Sources */,
				6B62DB6C290640AC00839DE2 /* User.swift in Sources */,
				6B76DF372908A2C60033AED6 /* ProfileViewController.swift in Sources */,
				6B7B1A952902FADA00F36C6F /* ViewController.swift in Sources */,
				6B5785342909B51500F1713D /* CustomTabBarController.swift in Sources */,
				6B7B1ABD290341F300F36C6F /* Function.swift in Sources */,
				6B7B1AB5290300A800F36C6F /* T2Img-Pixray.swift in Sources */,
				6B8425392908BCDE000AC834 /* GalleryViewController.swift in Sources */,
				6B7B1AAF2902FFC800F36C6F /* T2Img-nightmare-ai.swift in Sources */,
				6B62DB712907902E00839DE2 /* WelcomeViewController.swift in Sources */,
				6B62DB752907904E00839DE2 /* RegisterViewController.swift in Sources */,
				6B7B1A912902FADA00F36C6F /* AppDelegate.swift in Sources */,
				6B7B1ABB2903223000F36C6F /* PokemonData.swift in Sources */,
				6B62DB6E2907894A00839DE2 /* Image.swift in Sources */,
				6B7B1AB9290301B300F36C6F /* Img2Img-swinir.swift in Sources */,
				6B4CEC802907A19A0055C880 /* SimpleSegue.swift in Sources */,
				6B7B1AB12902FFDC00F36C6F /* T2Img-Pokemon.swift in Sources */,
				6B7B1AC22903518900F36C6F /* NightmareData.swift in Sources */,
				6B7B1A932902FADA00F36C6F /* SceneDelegate.swift in Sources */,
				6B7B1AAD2902FF8A00F36C6F /* Data.swift in Sources */,
			);
			runOnlyForDeploymentPostprocessing = 0;
		};
/* End PBXSourcesBuildPhase section */

/* Begin PBXVariantGroup section */
		6B7B1A962902FADA00F36C6F /* Main.storyboard */ = {
			isa = PBXVariantGroup;
			children = (
				6B7B1A972902FADA00F36C6F /* Base */,
			);
			name = Main.storyboard;
			sourceTree = "<group>";
		};
		6B7B1A9B2902FADC00F36C6F /* LaunchScreen.storyboard */ = {
			isa = PBXVariantGroup;
			children = (
				6B7B1A9C2902FADC00F36C6F /* Base */,
			);
			name = LaunchScreen.storyboard;
			sourceTree = "<group>";
		};
/* End PBXVariantGroup section */

/* Begin XCBuildConfiguration section */
		6B7B1A9F2902FADC00F36C6F /* Debug */ = {
			isa = XCBuildConfiguration;
			buildSettings = {
				ALWAYS_SEARCH_USER_PATHS = NO;
				CLANG_ANALYZER_NONNULL = YES;
				CLANG_ANALYZER_NUMBER_OBJECT_CONVERSION = YES_AGGRESSIVE;
				CLANG_CXX_LANGUAGE_STANDARD = "gnu++17";
				CLANG_ENABLE_MODULES = YES;
				CLANG_ENABLE_OBJC_ARC = YES;
				CLANG_ENABLE_OBJC_WEAK = YES;
				CLANG_WARN_BLOCK_CAPTURE_AUTORELEASING = YES;
				CLANG_WARN_BOOL_CONVERSION = YES;
				CLANG_WARN_COMMA = YES;
				CLANG_WARN_CONSTANT_CONVERSION = YES;
				CLANG_WARN_DEPRECATED_OBJC_IMPLEMENTATIONS = YES;
				CLANG_WARN_DIRECT_OBJC_ISA_USAGE = YES_ERROR;
				CLANG_WARN_DOCUMENTATION_COMMENTS = YES;
				CLANG_WARN_EMPTY_BODY = YES;
				CLANG_WARN_ENUM_CONVERSION = YES;
				CLANG_WARN_INFINITE_RECURSION = YES;
				CLANG_WARN_INT_CONVERSION = YES;
				CLANG_WARN_NON_LITERAL_NULL_CONVERSION = YES;
				CLANG_WARN_OBJC_IMPLICIT_RETAIN_SELF = YES;
				CLANG_WARN_OBJC_LITERAL_CONVERSION = YES;
				CLANG_WARN_OBJC_ROOT_CLASS = YES_ERROR;
				CLANG_WARN_QUOTED_INCLUDE_IN_FRAMEWORK_HEADER = YES;
				CLANG_WARN_RANGE_LOOP_ANALYSIS = YES;
				CLANG_WARN_STRICT_PROTOTYPES = YES;
				CLANG_WARN_SUSPICIOUS_MOVE = YES;
				CLANG_WARN_UNGUARDED_AVAILABILITY = YES_AGGRESSIVE;
				CLANG_WARN_UNREACHABLE_CODE = YES;
				CLANG_WARN__DUPLICATE_METHOD_MATCH = YES;
				COPY_PHASE_STRIP = NO;
				DEBUG_INFORMATION_FORMAT = dwarf;
				ENABLE_STRICT_OBJC_MSGSEND = YES;
				ENABLE_TESTABILITY = YES;
				GCC_C_LANGUAGE_STANDARD = gnu11;
				GCC_DYNAMIC_NO_PIC = NO;
				GCC_NO_COMMON_BLOCKS = YES;
				GCC_OPTIMIZATION_LEVEL = 0;
				GCC_PREPROCESSOR_DEFINITIONS = (
					"DEBUG=1",
					"$(inherited)",
				);
				GCC_WARN_64_TO_32_BIT_CONVERSION = YES;
				GCC_WARN_ABOUT_RETURN_TYPE = YES_ERROR;
				GCC_WARN_UNDECLARED_SELECTOR = YES;
				GCC_WARN_UNINITIALIZED_AUTOS = YES_AGGRESSIVE;
				GCC_WARN_UNUSED_FUNCTION = YES;
				GCC_WARN_UNUSED_VARIABLE = YES;
				IPHONEOS_DEPLOYMENT_TARGET = 15.5;
				MTL_ENABLE_DEBUG_INFO = INCLUDE_SOURCE;
				MTL_FAST_MATH = YES;
				ONLY_ACTIVE_ARCH = YES;
				SDKROOT = iphoneos;
				SWIFT_ACTIVE_COMPILATION_CONDITIONS = DEBUG;
				SWIFT_OPTIMIZATION_LEVEL = "-Onone";
			};
			name = Debug;
		};
		6B7B1AA02902FADC00F36C6F /* Release */ = {
			isa = XCBuildConfiguration;
			buildSettings = {
				ALWAYS_SEARCH_USER_PATHS = NO;
				CLANG_ANALYZER_NONNULL = YES;
				CLANG_ANALYZER_NUMBER_OBJECT_CONVERSION = YES_AGGRESSIVE;
				CLANG_CXX_LANGUAGE_STANDARD = "gnu++17";
				CLANG_ENABLE_MODULES = YES;
				CLANG_ENABLE_OBJC_ARC = YES;
				CLANG_ENABLE_OBJC_WEAK = YES;
				CLANG_WARN_BLOCK_CAPTURE_AUTORELEASING = YES;
				CLANG_WARN_BOOL_CONVERSION = YES;
				CLANG_WARN_COMMA = YES;
				CLANG_WARN_CONSTANT_CONVERSION = YES;
				CLANG_WARN_DEPRECATED_OBJC_IMPLEMENTATIONS = YES;
				CLANG_WARN_DIRECT_OBJC_ISA_USAGE = YES_ERROR;
				CLANG_WARN_DOCUMENTATION_COMMENTS = YES;
				CLANG_WARN_EMPTY_BODY = YES;
				CLANG_WARN_ENUM_CONVERSION = YES;
				CLANG_WARN_INFINITE_RECURSION = YES;
				CLANG_WARN_INT_CONVERSION = YES;
				CLANG_WARN_NON_LITERAL_NULL_CONVERSION = YES;
				CLANG_WARN_OBJC_IMPLICIT_RETAIN_SELF = YES;
				CLANG_WARN_OBJC_LITERAL_CONVERSION = YES;
				CLANG_WARN_OBJC_ROOT_CLASS = YES_ERROR;
				CLANG_WARN_QUOTED_INCLUDE_IN_FRAMEWORK_HEADER = YES;
				CLANG_WARN_RANGE_LOOP_ANALYSIS = YES;
				CLANG_WARN_STRICT_PROTOTYPES = YES;
				CLANG_WARN_SUSPICIOUS_MOVE = YES;
				CLANG_WARN_UNGUARDED_AVAILABILITY = YES_AGGRESSIVE;
				CLANG_WARN_UNREACHABLE_CODE = YES;
				CLANG_WARN__DUPLICATE_METHOD_MATCH = YES;
				COPY_PHASE_STRIP = NO;
				DEBUG_INFORMATION_FORMAT = "dwarf-with-dsym";
				ENABLE_NS_ASSERTIONS = NO;
				ENABLE_STRICT_OBJC_MSGSEND = YES;
				GCC_C_LANGUAGE_STANDARD = gnu11;
				GCC_NO_COMMON_BLOCKS = YES;
				GCC_WARN_64_TO_32_BIT_CONVERSION = YES;
				GCC_WARN_ABOUT_RETURN_TYPE = YES_ERROR;
				GCC_WARN_UNDECLARED_SELECTOR = YES;
				GCC_WARN_UNINITIALIZED_AUTOS = YES_AGGRESSIVE;
				GCC_WARN_UNUSED_FUNCTION = YES;
				GCC_WARN_UNUSED_VARIABLE = YES;
				IPHONEOS_DEPLOYMENT_TARGET = 15.5;
				MTL_ENABLE_DEBUG_INFO = NO;
				MTL_FAST_MATH = YES;
				SDKROOT = iphoneos;
				SWIFT_COMPILATION_MODE = wholemodule;
				SWIFT_OPTIMIZATION_LEVEL = "-O";
				VALIDATE_PRODUCT = YES;
			};
			name = Release;
		};
		6B7B1AA22902FADC00F36C6F /* Debug */ = {
			isa = XCBuildConfiguration;
			buildSettings = {
				ASSETCATALOG_COMPILER_APPICON_NAME = AppIcon;
				ASSETCATALOG_COMPILER_GLOBAL_ACCENT_COLOR_NAME = AccentColor;
				CODE_SIGN_STYLE = Automatic;
				CURRENT_PROJECT_VERSION = 1;
				DEVELOPMENT_TEAM = GT89928NCS;
				GENERATE_INFOPLIST_FILE = YES;
				INFOPLIST_FILE = "Alpha Draw/Info.plist";
				INFOPLIST_KEY_UIApplicationSupportsIndirectInputEvents = YES;
				INFOPLIST_KEY_UILaunchStoryboardName = LaunchScreen;
				INFOPLIST_KEY_UIMainStoryboardFile = Main;
				INFOPLIST_KEY_UISupportedInterfaceOrientations_iPad = "UIInterfaceOrientationPortrait UIInterfaceOrientationPortraitUpsideDown UIInterfaceOrientationLandscapeLeft UIInterfaceOrientationLandscapeRight";
				INFOPLIST_KEY_UISupportedInterfaceOrientations_iPhone = "UIInterfaceOrientationPortrait UIInterfaceOrientationLandscapeLeft UIInterfaceOrientationLandscapeRight";
				LD_RUNPATH_SEARCH_PATHS = (
					"$(inherited)",
					"@executable_path/Frameworks",
				);
				MARKETING_VERSION = 1.0;
				PRODUCT_BUNDLE_IDENTIFIER = "AlphaDraw.Alpha-Draw";
				PRODUCT_NAME = "$(TARGET_NAME)";
				SWIFT_EMIT_LOC_STRINGS = YES;
				SWIFT_VERSION = 5.0;
				TARGETED_DEVICE_FAMILY = "1,2";
			};
			name = Debug;
		};
		6B7B1AA32902FADC00F36C6F /* Release */ = {
			isa = XCBuildConfiguration;
			buildSettings = {
				ASSETCATALOG_COMPILER_APPICON_NAME = AppIcon;
				ASSETCATALOG_COMPILER_GLOBAL_ACCENT_COLOR_NAME = AccentColor;
				CODE_SIGN_STYLE = Automatic;
				CURRENT_PROJECT_VERSION = 1;
				DEVELOPMENT_TEAM = GT89928NCS;
				GENERATE_INFOPLIST_FILE = YES;
				INFOPLIST_FILE = "Alpha Draw/Info.plist";
				INFOPLIST_KEY_UIApplicationSupportsIndirectInputEvents = YES;
				INFOPLIST_KEY_UILaunchStoryboardName = LaunchScreen;
				INFOPLIST_KEY_UIMainStoryboardFile = Main;
				INFOPLIST_KEY_UISupportedInterfaceOrientations_iPad = "UIInterfaceOrientationPortrait UIInterfaceOrientationPortraitUpsideDown UIInterfaceOrientationLandscapeLeft UIInterfaceOrientationLandscapeRight";
				INFOPLIST_KEY_UISupportedInterfaceOrientations_iPhone = "UIInterfaceOrientationPortrait UIInterfaceOrientationLandscapeLeft UIInterfaceOrientationLandscapeRight";
				LD_RUNPATH_SEARCH_PATHS = (
					"$(inherited)",
					"@executable_path/Frameworks",
				);
				MARKETING_VERSION = 1.0;
				PRODUCT_BUNDLE_IDENTIFIER = "AlphaDraw.Alpha-Draw";
				PRODUCT_NAME = "$(TARGET_NAME)";
				SWIFT_EMIT_LOC_STRINGS = YES;
				SWIFT_VERSION = 5.0;
				TARGETED_DEVICE_FAMILY = "1,2";
			};
			name = Release;
		};
/* End XCBuildConfiguration section */

/* Begin XCConfigurationList section */
		6B7B1A882902FADA00F36C6F /* Build configuration list for PBXProject "Alpha Draw" */ = {
			isa = XCConfigurationList;
			buildConfigurations = (
				6B7B1A9F2902FADC00F36C6F /* Debug */,
				6B7B1AA02902FADC00F36C6F /* Release */,
			);
			defaultConfigurationIsVisible = 0;
			defaultConfigurationName = Release;
		};
		6B7B1AA12902FADC00F36C6F /* Build configuration list for PBXNativeTarget "Alpha Draw" */ = {
			isa = XCConfigurationList;
			buildConfigurations = (
				6B7B1AA22902FADC00F36C6F /* Debug */,
				6B7B1AA32902FADC00F36C6F /* Release */,
			);
			defaultConfigurationIsVisible = 0;
			defaultConfigurationName = Release;
		};
/* End XCConfigurationList section */

/* Begin XCRemoteSwiftPackageReference section */
		6B62DB4A2906043300839DE2 /* XCRemoteSwiftPackageReference "firebase-ios-sdk" */ = {
			isa = XCRemoteSwiftPackageReference;
			repositoryURL = "https://github.com/firebase/firebase-ios-sdk";
			requirement = {
				kind = upToNextMinorVersion;
				minimumVersion = 9.6.0;
			};
		};
/* End XCRemoteSwiftPackageReference section */

/* Begin XCSwiftPackageProductDependency section */
		6B62DB4B2906043300839DE2 /* FirebaseAnalytics */ = {
			isa = XCSwiftPackageProductDependency;
			package = 6B62DB4A2906043300839DE2 /* XCRemoteSwiftPackageReference "firebase-ios-sdk" */;
			productName = FirebaseAnalytics;
		};
		6B62DB4D2906043300839DE2 /* FirebaseAnalyticsSwift */ = {
			isa = XCSwiftPackageProductDependency;
			package = 6B62DB4A2906043300839DE2 /* XCRemoteSwiftPackageReference "firebase-ios-sdk" */;
			productName = FirebaseAnalyticsSwift;
		};
		6B62DB4F2906043300839DE2 /* FirebaseAppCheck */ = {
			isa = XCSwiftPackageProductDependency;
			package = 6B62DB4A2906043300839DE2 /* XCRemoteSwiftPackageReference "firebase-ios-sdk" */;
			productName = FirebaseAppCheck;
		};
		6B62DB512906043300839DE2 /* FirebaseAuth */ = {
			isa = XCSwiftPackageProductDependency;
			package = 6B62DB4A2906043300839DE2 /* XCRemoteSwiftPackageReference "firebase-ios-sdk" */;
			productName = FirebaseAuth;
		};
		6B62DB532906043300839DE2 /* FirebaseDatabase */ = {
			isa = XCSwiftPackageProductDependency;
			package = 6B62DB4A2906043300839DE2 /* XCRemoteSwiftPackageReference "firebase-ios-sdk" */;
			productName = FirebaseDatabase;
		};
		6B62DB552906043300839DE2 /* FirebaseDatabaseSwift */ = {
			isa = XCSwiftPackageProductDependency;
			package = 6B62DB4A2906043300839DE2 /* XCRemoteSwiftPackageReference "firebase-ios-sdk" */;
			productName = FirebaseDatabaseSwift;
		};
		6B62DB572906043300839DE2 /* FirebaseDynamicLinks */ = {
			isa = XCSwiftPackageProductDependency;
			package = 6B62DB4A2906043300839DE2 /* XCRemoteSwiftPackageReference "firebase-ios-sdk" */;
			productName = FirebaseDynamicLinks;
		};
		6B62DB592906043300839DE2 /* FirebaseFirestore */ = {
			isa = XCSwiftPackageProductDependency;
			package = 6B62DB4A2906043300839DE2 /* XCRemoteSwiftPackageReference "firebase-ios-sdk" */;
			productName = FirebaseFirestore;
		};
		6B62DB5B2906043300839DE2 /* FirebaseFirestoreCombine-Community */ = {
			isa = XCSwiftPackageProductDependency;
			package = 6B62DB4A2906043300839DE2 /* XCRemoteSwiftPackageReference "firebase-ios-sdk" */;
			productName = "FirebaseFirestoreCombine-Community";
		};
		6B62DB5D2906043300839DE2 /* FirebaseFirestoreSwift */ = {
			isa = XCSwiftPackageProductDependency;
			package = 6B62DB4A2906043300839DE2 /* XCRemoteSwiftPackageReference "firebase-ios-sdk" */;
			productName = FirebaseFirestoreSwift;
		};
		6B62DB5F2906043300839DE2 /* FirebaseFunctions */ = {
			isa = XCSwiftPackageProductDependency;
			package = 6B62DB4A2906043300839DE2 /* XCRemoteSwiftPackageReference "firebase-ios-sdk" */;
			productName = FirebaseFunctions;
		};
		6B62DB612906043300839DE2 /* FirebaseMessaging */ = {
			isa = XCSwiftPackageProductDependency;
			package = 6B62DB4A2906043300839DE2 /* XCRemoteSwiftPackageReference "firebase-ios-sdk" */;
			productName = FirebaseMessaging;
		};
		6B62DB632906043300839DE2 /* FirebaseRemoteConfig */ = {
			isa = XCSwiftPackageProductDependency;
			package = 6B62DB4A2906043300839DE2 /* XCRemoteSwiftPackageReference "firebase-ios-sdk" */;
			productName = FirebaseRemoteConfig;
		};
		6B62DB652906043300839DE2 /* FirebaseRemoteConfigSwift */ = {
			isa = XCSwiftPackageProductDependency;
			package = 6B62DB4A2906043300839DE2 /* XCRemoteSwiftPackageReference "firebase-ios-sdk" */;
			productName = FirebaseRemoteConfigSwift;
		};
		6B62DB672906043300839DE2 /* FirebaseStorage */ = {
			isa = XCSwiftPackageProductDependency;
			package = 6B62DB4A2906043300839DE2 /* XCRemoteSwiftPackageReference "firebase-ios-sdk" */;
			productName = FirebaseStorage;
		};
		6B62DB692906043300839DE2 /* FirebaseStorageCombine-Community */ = {
			isa = XCSwiftPackageProductDependency;
			package = 6B62DB4A2906043300839DE2 /* XCRemoteSwiftPackageReference "firebase-ios-sdk" */;
			productName = "FirebaseStorageCombine-Community";
		};
/* End XCSwiftPackageProductDependency section */
	};
	rootObject = 6B7B1A852902FADA00F36C6F /* Project object */;
}
